
Microsoft Visual Studio Solution File, Format Version 12.00
# Visual Studio Version 16
VisualStudioVersion = 16.0.30523.141
MinimumVisualStudioVersion = 10.0.40219.1
Project("{FAE04EC0-301F-11D3-BF4B-00C04F79EFBC}") = "TirtaAMDGPUController", "TirtaAMDGPUController.csproj", "{78685160-1346-4991-978C-B43631C1A101}"
EndProject
Global
	GlobalSection(SolutionConfigurationPlatforms) = preSolution
		Debug|Any CPU = Debug|Any CPU
		Release|Any CPU = Release|Any CPU
	EndGlobalSection
	GlobalSection(ProjectConfigurationPlatforms) = postSolution
		{78685160-1346-4991-978C-B43631C1A101}.Debug|Any CPU.ActiveCfg = Debug|Any CPU
		{78685160-1346-4991-978C-B43631C1A101}.Debug|Any CPU.Build.0 = Debug|Any CPU
		{78685160-1346-4991-978C-B43631C1A101}.Release|Any CPU.ActiveCfg = Release|Any CPU
		{78685160-1346-4991-978C-B43631C1A101}.Release|Any CPU.Build.0 = Release|Any CPU
	EndGlobalSection
	GlobalSection(SolutionProperties) = preSolution
		HideSolutionNode = FALSE
	EndGlobalSection
	GlobalSection(ExtensibilityGlobals) = postSolution
		SolutionGuid = {4F244F7F-F518-4442-B7F9-2E76D6944A1F}
	EndGlobalSection
EndGlobal
